
Microsoft Visual Studio Solution File, Format Version 12.00
Project("{FAE04EC0-301F-11D3-BF4B-00C04F79EFBC}") = "Final_CS_Project_10.1", "Final_CS_Project_10.1\Final_CS_Project_10.1.csproj", "{A78A6519-5F76-4965-AA45-4A9DAF8C8579}"
EndProject
Global
	GlobalSection(SolutionConfigurationPlatforms) = preSolution
		Debug|Any CPU = Debug|Any CPU
		Release|Any CPU = Release|Any CPU
	EndGlobalSection
	GlobalSection(ProjectConfigurationPlatforms) = postSolution
		{A78A6519-5F76-4965-AA45-4A9DAF8C8579}.Debug|Any CPU.ActiveCfg = Debug|Any CPU
		{A78A6519-5F76-4965-AA45-4A9DAF8C8579}.Debug|Any CPU.Build.0 = Debug|Any CPU
		{A78A6519-5F76-4965-AA45-4A9DAF8C8579}.Release|Any CPU.ActiveCfg = Release|Any CPU
		{A78A6519-5F76-4965-AA45-4A9DAF8C8579}.Release|Any CPU.Build.0 = Release|Any CPU
	EndGlobalSection
EndGlobal
